{
  "originHash" : "36679ca4b4d901c2cd28d9628b18a6acc215702efd9536dc0ee356718fc7918f",
  "pins" : [
    {
      "identity" : "myswiftpackage",
      "kind" : "remoteSourceControl",
      "location" : "https://github.com/Archetapp/MySwiftPackage",
      "state" : {
        "branch" : "main",
        "revision" : "8b4f1aae8c0fd12a0609f340f848d126d8a334f6"
      }
    },
    {
      "identity" : "starscream",
      "kind" : "remoteSourceControl",
      "location" : "https://github.com/daltoniam/Starscream.git",
      "state" : {
        "revision" : "a063fda2b8145a231953c20e7a646be254365396",
        "version" : "3.1.2"
      }
    }
  ],
  "version" : 3
}
