{
  "originHash" : "ae29d3c2d5b26463561313418ecf0f3bc731cbfe07d8d2d075d7eca40fb0d09f",
  "pins" : [
    {
      "identity" : "myswiftpackage",
      "kind" : "remoteSourceControl",
      "location" : "https://github.com/Archetapp/MySwiftPackage",
      "state" : {
        "branch" : "main",
        "revision" : "92f405e026225ccfea58a9bb6509b4bf6362fc25"
      }
    }
  ],
  "version" : 3
}
